
Microsoft Visual Studio Solution File, Format Version 12.00
# Visual Studio 15
VisualStudioVersion = 15.0.27004.2005
MinimumVisualStudioVersion = 10.0.40219.1
Project("{FAE04EC0-301F-11D3-BF4B-00C04F79EFBC}") = "EeveeModManager", "EeveeModManager\EeveeModManager.csproj", "{086910A5-B29B-4226-B64B-C2BFC5A72A07}"
EndProject
Global
	GlobalSection(SolutionConfigurationPlatforms) = preSolution
		Debug|Any CPU = Debug|Any CPU
		Debug|x64 = Debug|x64
		Release|Any CPU = Release|Any CPU
		Release|x64 = Release|x64
	EndGlobalSection
	GlobalSection(ProjectConfigurationPlatforms) = postSolution
		{086910A5-B29B-4226-B64B-C2BFC5A72A07}.Debug|Any CPU.ActiveCfg = Debug|Any CPU
		{086910A5-B29B-4226-B64B-C2BFC5A72A07}.Debug|Any CPU.Build.0 = Debug|Any CPU
		{086910A5-B29B-4226-B64B-C2BFC5A72A07}.Debug|x64.ActiveCfg = Debug|x64
		{086910A5-B29B-4226-B64B-C2BFC5A72A07}.Debug|x64.Build.0 = Debug|x64
		{086910A5-B29B-4226-B64B-C2BFC5A72A07}.Release|Any CPU.ActiveCfg = Release|Any CPU
		{086910A5-B29B-4226-B64B-C2BFC5A72A07}.Release|Any CPU.Build.0 = Release|Any CPU
		{086910A5-B29B-4226-B64B-C2BFC5A72A07}.Release|x64.ActiveCfg = Release|x64
		{086910A5-B29B-4226-B64B-C2BFC5A72A07}.Release|x64.Build.0 = Release|x64
	EndGlobalSection
	GlobalSection(SolutionProperties) = preSolution
		HideSolutionNode = FALSE
	EndGlobalSection
	GlobalSection(ExtensibilityGlobals) = postSolution
		SolutionGuid = {2E63DC2F-FB39-42FB-B682-DA372129E600}
	EndGlobalSection
EndGlobal
